// !$*UTF8*$!
{
	archiveVersion = 1;
	classes = {
	};
	objectVersion = 46;
	objects = {

/* Begin PBXBuildFile section */
		8C87FA7505BE65B68F594C82 /* Pods_MyMovies.framework in Frameworks */ = {isa = PBXBuildFile; fileRef = 1C5ED9108D6149EEB1490473 /* Pods_MyMovies.framework */; };
		CD1E8E101E1516EC0080380C /* MMMovieModel.m in Sources */ = {isa = PBXBuildFile; fileRef = CD1E8E0F1E1516EC0080380C /* MMMovieModel.m */; };
		CD1E8E141E1535CC0080380C /* NSDictionary+KSExtensions.m in Sources */ = {isa = PBXBuildFile; fileRef = CD1E8E131E1535CC0080380C /* NSDictionary+KSExtensions.m */; };
		CD1E8E191E1550080080380C /* MMDownloadContentSession.m in Sources */ = {isa = PBXBuildFile; fileRef = CD1E8E181E1550080080380C /* MMDownloadContentSession.m */; };
		CD1E8E1D1E1553340080380C /* MMDiscoverContentDownloadSession.m in Sources */ = {isa = PBXBuildFile; fileRef = CD1E8E1C1E1553340080380C /* MMDiscoverContentDownloadSession.m */; };
		CD1E8E1F1E1557140080380C /* MMSourceConfig.plist in Resources */ = {isa = PBXBuildFile; fileRef = CD1E8E1E1E1557140080380C /* MMSourceConfig.plist */; };
		CD4FED4A1E155CA8009816F8 /* MMSessionConfig.m in Sources */ = {isa = PBXBuildFile; fileRef = CD4FED491E155CA8009816F8 /* MMSessionConfig.m */; };
		CDCD75C91E13C742008DA5DD /* AppDelegate.m in Sources */ = {isa = PBXBuildFile; fileRef = CDCD75BB1E13C742008DA5DD /* AppDelegate.m */; };
		CDCD75CA1E13C742008DA5DD /* Assets.xcassets in Resources */ = {isa = PBXBuildFile; fileRef = CDCD75BD1E13C742008DA5DD /* Assets.xcassets */; };
		CDCD75CB1E13C742008DA5DD /* LaunchScreen.storyboard in Resources */ = {isa = PBXBuildFile; fileRef = CDCD75BE1E13C742008DA5DD /* LaunchScreen.storyboard */; };
		CDCD75CE1E13C742008DA5DD /* main.m in Sources */ = {isa = PBXBuildFile; fileRef = CDCD75C81E13C742008DA5DD /* main.m */; };
		CDCD75D31E13CAC1008DA5DD /* MMAppCoordinator.m in Sources */ = {isa = PBXBuildFile; fileRef = CDCD75D21E13CAC1008DA5DD /* MMAppCoordinator.m */; };
		CDCD75D81E13CD84008DA5DD /* UIWindow+KSExtensions.m in Sources */ = {isa = PBXBuildFile; fileRef = CDCD75D71E13CD84008DA5DD /* UIWindow+KSExtensions.m */; };
		CDCD75E61E13E511008DA5DD /* MMMainViewController.m in Sources */ = {isa = PBXBuildFile; fileRef = CDCD75E51E13E511008DA5DD /* MMMainViewController.m */; };
		CDCD75E81E13E51D008DA5DD /* MMMainViewController.storyboard in Resources */ = {isa = PBXBuildFile; fileRef = CDCD75E71E13E51D008DA5DD /* MMMainViewController.storyboard */; };
		CDCD75EF1E13E7F4008DA5DD /* UIStoryboard+KSExtensions.m in Sources */ = {isa = PBXBuildFile; fileRef = CDCD75EE1E13E7F4008DA5DD /* UIStoryboard+KSExtensions.m */; };
		CDCD75F41E13EC07008DA5DD /* MMDiscoverViewController.m in Sources */ = {isa = PBXBuildFile; fileRef = CDCD75F21E13EC07008DA5DD /* MMDiscoverViewController.m */; };
		CDCD75F51E13EC07008DA5DD /* MMDiscoverViewController.storyboard in Resources */ = {isa = PBXBuildFile; fileRef = CDCD75F31E13EC07008DA5DD /* MMDiscoverViewController.storyboard */; };
		CDCD75F91E13ED70008DA5DD /* MMDiscoverCoordinator.m in Sources */ = {isa = PBXBuildFile; fileRef = CDCD75F81E13ED70008DA5DD /* MMDiscoverCoordinator.m */; };
		CDDF9DE31E1D0DB800706DE1 /* MMDiscoverView.m in Sources */ = {isa = PBXBuildFile; fileRef = CDDF9DE21E1D0DB800706DE1 /* MMDiscoverView.m */; };
		CDDF9DE71E1D0DD700706DE1 /* MMDiscoverTableViewCell.m in Sources */ = {isa = PBXBuildFile; fileRef = CDDF9DE51E1D0DD700706DE1 /* MMDiscoverTableViewCell.m */; };
		CDDF9DE81E1D0DD700706DE1 /* MMDiscoverTableViewCell.xib in Resources */ = {isa = PBXBuildFile; fileRef = CDDF9DE61E1D0DD700706DE1 /* MMDiscoverTableViewCell.xib */; };
		CDDF9DEB1E1D259600706DE1 /* MMMainView.m in Sources */ = {isa = PBXBuildFile; fileRef = CDDF9DEA1E1D259600706DE1 /* MMMainView.m */; };
		CDFC37981E126F6400F6E425 /* ViewController.m in Sources */ = {isa = PBXBuildFile; fileRef = CDFC37971E126F6400F6E425 /* ViewController.m */; };
		CDFDF1A71E166C1800BC2DA2 /* Info.plist in Resources */ = {isa = PBXBuildFile; fileRef = CDCD75C71E13C742008DA5DD /* Info.plist */; };
/* End PBXBuildFile section */

/* Begin PBXFileReference section */
		1C5ED9108D6149EEB1490473 /* Pods_MyMovies.framework */ = {isa = PBXFileReference; explicitFileType = wrapper.framework; includeInIndex = 0; path = Pods_MyMovies.framework; sourceTree = BUILT_PRODUCTS_DIR; };
		3DD538DF4D7A3C92B6B47D91 /* Pods-MyMovies.release.xcconfig */ = {isa = PBXFileReference; includeInIndex = 1; lastKnownFileType = text.xcconfig; name = "Pods-MyMovies.release.xcconfig"; path = "Pods/Target Support Files/Pods-MyMovies/Pods-MyMovies.release.xcconfig"; sourceTree = "<group>"; };
		CD1E8E0E1E1516EC0080380C /* MMMovieModel.h */ = {isa = PBXFileReference; fileEncoding = 4; lastKnownFileType = sourcecode.c.h; path = MMMovieModel.h; sourceTree = "<group>"; };
		CD1E8E0F1E1516EC0080380C /* MMMovieModel.m */ = {isa = PBXFileReference; fileEncoding = 4; lastKnownFileType = sourcecode.c.objc; path = MMMovieModel.m; sourceTree = "<group>"; };
		CD1E8E121E1535CC0080380C /* NSDictionary+KSExtensions.h */ = {isa = PBXFileReference; fileEncoding = 4; lastKnownFileType = sourcecode.c.h; path = "NSDictionary+KSExtensions.h"; sourceTree = "<group>"; };
		CD1E8E131E1535CC0080380C /* NSDictionary+KSExtensions.m */ = {isa = PBXFileReference; fileEncoding = 4; lastKnownFileType = sourcecode.c.objc; path = "NSDictionary+KSExtensions.m"; sourceTree = "<group>"; };
		CD1E8E171E1550080080380C /* MMDownloadContentSession.h */ = {isa = PBXFileReference; fileEncoding = 4; lastKnownFileType = sourcecode.c.h; path = MMDownloadContentSession.h; sourceTree = "<group>"; };
		CD1E8E181E1550080080380C /* MMDownloadContentSession.m */ = {isa = PBXFileReference; fileEncoding = 4; lastKnownFileType = sourcecode.c.objc; path = MMDownloadContentSession.m; sourceTree = "<group>"; };
		CD1E8E1B1E1553340080380C /* MMDiscoverContentDownloadSession.h */ = {isa = PBXFileReference; fileEncoding = 4; lastKnownFileType = sourcecode.c.h; path = MMDiscoverContentDownloadSession.h; sourceTree = "<group>"; };
		CD1E8E1C1E1553340080380C /* MMDiscoverContentDownloadSession.m */ = {isa = PBXFileReference; fileEncoding = 4; lastKnownFileType = sourcecode.c.objc; path = MMDiscoverContentDownloadSession.m; sourceTree = "<group>"; };
		CD1E8E1E1E1557140080380C /* MMSourceConfig.plist */ = {isa = PBXFileReference; fileEncoding = 4; lastKnownFileType = text.plist.xml; path = MMSourceConfig.plist; sourceTree = "<group>"; };
		CD4FED481E155CA8009816F8 /* MMSessionConfig.h */ = {isa = PBXFileReference; fileEncoding = 4; lastKnownFileType = sourcecode.c.h; path = MMSessionConfig.h; sourceTree = "<group>"; };
		CD4FED491E155CA8009816F8 /* MMSessionConfig.m */ = {isa = PBXFileReference; fileEncoding = 4; lastKnownFileType = sourcecode.c.objc; path = MMSessionConfig.m; sourceTree = "<group>"; };
		CDCD75BA1E13C742008DA5DD /* AppDelegate.h */ = {isa = PBXFileReference; fileEncoding = 4; lastKnownFileType = sourcecode.c.h; path = AppDelegate.h; sourceTree = "<group>"; };
		CDCD75BB1E13C742008DA5DD /* AppDelegate.m */ = {isa = PBXFileReference; fileEncoding = 4; lastKnownFileType = sourcecode.c.objc; path = AppDelegate.m; sourceTree = "<group>"; };
		CDCD75BD1E13C742008DA5DD /* Assets.xcassets */ = {isa = PBXFileReference; lastKnownFileType = folder.assetcatalog; path = Assets.xcassets; sourceTree = "<group>"; };
		CDCD75BF1E13C742008DA5DD /* Base */ = {isa = PBXFileReference; lastKnownFileType = file.storyboard; name = Base; path = Base.lproj/LaunchScreen.storyboard; sourceTree = "<group>"; };
		CDCD75C71E13C742008DA5DD /* Info.plist */ = {isa = PBXFileReference; fileEncoding = 4; lastKnownFileType = text.plist.xml; path = Info.plist; sourceTree = "<group>"; };
		CDCD75C81E13C742008DA5DD /* main.m */ = {isa = PBXFileReference; fileEncoding = 4; lastKnownFileType = sourcecode.c.objc; path = main.m; sourceTree = "<group>"; };
		CDCD75D11E13CAC1008DA5DD /* MMAppCoordinator.h */ = {isa = PBXFileReference; fileEncoding = 4; lastKnownFileType = sourcecode.c.h; path = MMAppCoordinator.h; sourceTree = "<group>"; };
		CDCD75D21E13CAC1008DA5DD /* MMAppCoordinator.m */ = {isa = PBXFileReference; fileEncoding = 4; lastKnownFileType = sourcecode.c.objc; path = MMAppCoordinator.m; sourceTree = "<group>"; };
		CDCD75D61E13CD84008DA5DD /* UIWindow+KSExtensions.h */ = {isa = PBXFileReference; fileEncoding = 4; lastKnownFileType = sourcecode.c.h; path = "UIWindow+KSExtensions.h"; sourceTree = "<group>"; };
		CDCD75D71E13CD84008DA5DD /* UIWindow+KSExtensions.m */ = {isa = PBXFileReference; fileEncoding = 4; lastKnownFileType = sourcecode.c.objc; path = "UIWindow+KSExtensions.m"; sourceTree = "<group>"; };
		CDCD75E41E13E511008DA5DD /* MMMainViewController.h */ = {isa = PBXFileReference; fileEncoding = 4; lastKnownFileType = sourcecode.c.h; path = MMMainViewController.h; sourceTree = "<group>"; };
		CDCD75E51E13E511008DA5DD /* MMMainViewController.m */ = {isa = PBXFileReference; fileEncoding = 4; lastKnownFileType = sourcecode.c.objc; path = MMMainViewController.m; sourceTree = "<group>"; };
		CDCD75E71E13E51D008DA5DD /* MMMainViewController.storyboard */ = {isa = PBXFileReference; fileEncoding = 4; lastKnownFileType = file.storyboard; path = MMMainViewController.storyboard; sourceTree = "<group>"; };
		CDCD75ED1E13E7F4008DA5DD /* UIStoryboard+KSExtensions.h */ = {isa = PBXFileReference; fileEncoding = 4; lastKnownFileType = sourcecode.c.h; path = "UIStoryboard+KSExtensions.h"; sourceTree = "<group>"; };
		CDCD75EE1E13E7F4008DA5DD /* UIStoryboard+KSExtensions.m */ = {isa = PBXFileReference; fileEncoding = 4; lastKnownFileType = sourcecode.c.objc; path = "UIStoryboard+KSExtensions.m"; sourceTree = "<group>"; };
		CDCD75F11E13EC07008DA5DD /* MMDiscoverViewController.h */ = {isa = PBXFileReference; fileEncoding = 4; lastKnownFileType = sourcecode.c.h; path = MMDiscoverViewController.h; sourceTree = "<group>"; };
		CDCD75F21E13EC07008DA5DD /* MMDiscoverViewController.m */ = {isa = PBXFileReference; fileEncoding = 4; lastKnownFileType = sourcecode.c.objc; path = MMDiscoverViewController.m; sourceTree = "<group>"; };
		CDCD75F31E13EC07008DA5DD /* MMDiscoverViewController.storyboard */ = {isa = PBXFileReference; fileEncoding = 4; lastKnownFileType = file.storyboard; path = MMDiscoverViewController.storyboard; sourceTree = "<group>"; };
		CDCD75F71E13ED70008DA5DD /* MMDiscoverCoordinator.h */ = {isa = PBXFileReference; fileEncoding = 4; lastKnownFileType = sourcecode.c.h; path = MMDiscoverCoordinator.h; sourceTree = "<group>"; };
		CDCD75F81E13ED70008DA5DD /* MMDiscoverCoordinator.m */ = {isa = PBXFileReference; fileEncoding = 4; lastKnownFileType = sourcecode.c.objc; path = MMDiscoverCoordinator.m; sourceTree = "<group>"; };
		CDDF9DE11E1D0DB800706DE1 /* MMDiscoverView.h */ = {isa = PBXFileReference; fileEncoding = 4; lastKnownFileType = sourcecode.c.h; path = MMDiscoverView.h; sourceTree = "<group>"; };
		CDDF9DE21E1D0DB800706DE1 /* MMDiscoverView.m */ = {isa = PBXFileReference; fileEncoding = 4; lastKnownFileType = sourcecode.c.objc; path = MMDiscoverView.m; sourceTree = "<group>"; };
		CDDF9DE41E1D0DD700706DE1 /* MMDiscoverTableViewCell.h */ = {isa = PBXFileReference; fileEncoding = 4; lastKnownFileType = sourcecode.c.h; path = MMDiscoverTableViewCell.h; sourceTree = "<group>"; };
		CDDF9DE51E1D0DD700706DE1 /* MMDiscoverTableViewCell.m */ = {isa = PBXFileReference; fileEncoding = 4; lastKnownFileType = sourcecode.c.objc; path = MMDiscoverTableViewCell.m; sourceTree = "<group>"; };
		CDDF9DE61E1D0DD700706DE1 /* MMDiscoverTableViewCell.xib */ = {isa = PBXFileReference; fileEncoding = 4; lastKnownFileType = file.xib; path = MMDiscoverTableViewCell.xib; sourceTree = "<group>"; };
		CDDF9DE91E1D259600706DE1 /* MMMainView.h */ = {isa = PBXFileReference; fileEncoding = 4; lastKnownFileType = sourcecode.c.h; path = MMMainView.h; sourceTree = "<group>"; };
		CDDF9DEA1E1D259600706DE1 /* MMMainView.m */ = {isa = PBXFileReference; fileEncoding = 4; lastKnownFileType = sourcecode.c.objc; path = MMMainView.m; sourceTree = "<group>"; };
		CDFC378D1E126F6400F6E425 /* MyMovies.app */ = {isa = PBXFileReference; explicitFileType = wrapper.application; includeInIndex = 0; path = MyMovies.app; sourceTree = BUILT_PRODUCTS_DIR; };
		CDFC37961E126F6400F6E425 /* ViewController.h */ = {isa = PBXFileReference; lastKnownFileType = sourcecode.c.h; path = ViewController.h; sourceTree = "<group>"; };
		CDFC37971E126F6400F6E425 /* ViewController.m */ = {isa = PBXFileReference; lastKnownFileType = sourcecode.c.objc; path = ViewController.m; sourceTree = "<group>"; };
		FF0731AEBEA5CC77A22AB546 /* Pods-MyMovies.debug.xcconfig */ = {isa = PBXFileReference; includeInIndex = 1; lastKnownFileType = text.xcconfig; name = "Pods-MyMovies.debug.xcconfig"; path = "Pods/Target Support Files/Pods-MyMovies/Pods-MyMovies.debug.xcconfig"; sourceTree = "<group>"; };
/* End PBXFileReference section */

/* Begin PBXFrameworksBuildPhase section */
		CDFC378A1E126F6400F6E425 /* Frameworks */ = {
			isa = PBXFrameworksBuildPhase;
			buildActionMask = 2147483647;
			files = (
				8C87FA7505BE65B68F594C82 /* Pods_MyMovies.framework in Frameworks */,
			);
			runOnlyForDeploymentPostprocessing = 0;
		};
/* End PBXFrameworksBuildPhase section */

/* Begin PBXGroup section */
		203F1153FE97AC19C3FDA6E6 /* Pods */ = {
			isa = PBXGroup;
			children = (
				FF0731AEBEA5CC77A22AB546 /* Pods-MyMovies.debug.xcconfig */,
				3DD538DF4D7A3C92B6B47D91 /* Pods-MyMovies.release.xcconfig */,
			);
			name = Pods;
			sourceTree = "<group>";
		};
		6A6F43B1DE2C4F9C54066C00 /* Frameworks */ = {
			isa = PBXGroup;
			children = (
				1C5ED9108D6149EEB1490473 /* Pods_MyMovies.framework */,
			);
			name = Frameworks;
			sourceTree = "<group>";
		};
		CD1E8E0D1E1516C60080380C /* MMMovieModel */ = {
			isa = PBXGroup;
			children = (
				CD1E8E0E1E1516EC0080380C /* MMMovieModel.h */,
				CD1E8E0F1E1516EC0080380C /* MMMovieModel.m */,
			);
			path = MMMovieModel;
			sourceTree = "<group>";
		};
		CD1E8E111E1535B10080380C /* NSDictionary */ = {
			isa = PBXGroup;
			children = (
				CD1E8E121E1535CC0080380C /* NSDictionary+KSExtensions.h */,
				CD1E8E131E1535CC0080380C /* NSDictionary+KSExtensions.m */,
			);
			path = NSDictionary;
			sourceTree = "<group>";
		};
		CD1E8E151E1550080080380C /* Sessions */ = {
			isa = PBXGroup;
			children = (
				CD1E8E1A1E1553180080380C /* MMDiscoverContentDownloadSession */,
				CD1E8E161E1550080080380C /* MMDownloadContentSession */,
			);
			path = Sessions;
			sourceTree = "<group>";
		};
		CD1E8E161E1550080080380C /* MMDownloadContentSession */ = {
			isa = PBXGroup;
			children = (
				CD1E8E171E1550080080380C /* MMDownloadContentSession.h */,
				CD1E8E181E1550080080380C /* MMDownloadContentSession.m */,
			);
			path = MMDownloadContentSession;
			sourceTree = "<group>";
		};
		CD1E8E1A1E1553180080380C /* MMDiscoverContentDownloadSession */ = {
			isa = PBXGroup;
			children = (
				CD1E8E1B1E1553340080380C /* MMDiscoverContentDownloadSession.h */,
				CD1E8E1C1E1553340080380C /* MMDiscoverContentDownloadSession.m */,
			);
			path = MMDiscoverContentDownloadSession;
			sourceTree = "<group>";
		};
		CD4FED461E155C71009816F8 /* Utilities */ = {
			isa = PBXGroup;
			children = (
				CD4FED471E155C71009816F8 /* MMSessionConfig */,
			);
			path = Utilities;
			sourceTree = "<group>";
		};
		CD4FED471E155C71009816F8 /* MMSessionConfig */ = {
			isa = PBXGroup;
			children = (
				CD4FED481E155CA8009816F8 /* MMSessionConfig.h */,
				CD4FED491E155CA8009816F8 /* MMSessionConfig.m */,
			);
			path = MMSessionConfig;
			sourceTree = "<group>";
		};
		CDCD75B91E13C742008DA5DD /* AppDelegate */ = {
			isa = PBXGroup;
			children = (
				CDCD75BA1E13C742008DA5DD /* AppDelegate.h */,
				CDCD75BB1E13C742008DA5DD /* AppDelegate.m */,
			);
			path = AppDelegate;
			sourceTree = "<group>";
		};
		CDCD75BC1E13C742008DA5DD /* Resources */ = {
			isa = PBXGroup;
			children = (
				CDCD75BD1E13C742008DA5DD /* Assets.xcassets */,
				CDCD75BE1E13C742008DA5DD /* LaunchScreen.storyboard */,
				CD1E8E1E1E1557140080380C /* MMSourceConfig.plist */,
			);
			path = Resources;
			sourceTree = "<group>";
		};
		CDCD75C21E13C742008DA5DD /* Source */ = {
			isa = PBXGroup;
			children = (
				CDCD75CF1E13C7E9008DA5DD /* Coordinators */,
				CDCD75C31E13C742008DA5DD /* Library */,
				CDCD75C41E13C742008DA5DD /* Models */,
				CDCD75C51E13C742008DA5DD /* UI */,
			);
			path = Source;
			sourceTree = "<group>";
		};
		CDCD75C31E13C742008DA5DD /* Library */ = {
			isa = PBXGroup;
			children = (
				CDCD75D41E13CD61008DA5DD /* Categories */,
				CD4FED461E155C71009816F8 /* Utilities */,
			);
			path = Library;
			sourceTree = "<group>";
		};
		CDCD75C41E13C742008DA5DD /* Models */ = {
			isa = PBXGroup;
			children = (
				CD1E8E151E1550080080380C /* Sessions */,
				CD1E8E0D1E1516C60080380C /* MMMovieModel */,
			);
			path = Models;
			sourceTree = "<group>";
		};
		CDCD75C51E13C742008DA5DD /* UI */ = {
			isa = PBXGroup;
			children = (
				CDCD75F01E13EC07008DA5DD /* MMDiscoverViewController */,
				CDCD75DA1E13E204008DA5DD /* MMMyListViewController */,
				CDCD75E31E13E4F5008DA5DD /* MMMainViewController */,
				CDCD75DB1E13E204008DA5DD /* MMNewsViewController */,
				CDCD75DC1E13E204008DA5DD /* MMSearchViewController */,
				CDCD75DD1E13E204008DA5DD /* MMSettingsViewController */,
			);
			path = UI;
			sourceTree = "<group>";
		};
		CDCD75C61E13C742008DA5DD /* Supporting Files */ = {
			isa = PBXGroup;
			children = (
				CDCD75C71E13C742008DA5DD /* Info.plist */,
				CDCD75C81E13C742008DA5DD /* main.m */,
			);
			path = "Supporting Files";
			sourceTree = "<group>";
		};
		CDCD75CF1E13C7E9008DA5DD /* Coordinators */ = {
			isa = PBXGroup;
			children = (
				CDCD75D01E13C7E9008DA5DD /* MMAppCoordinator */,
				CDCD75F61E13ED53008DA5DD /* MMDiscoverCoordinator */,
			);
			path = Coordinators;
			sourceTree = "<group>";
		};
		CDCD75D01E13C7E9008DA5DD /* MMAppCoordinator */ = {
			isa = PBXGroup;
			children = (
				CDCD75D11E13CAC1008DA5DD /* MMAppCoordinator.h */,
				CDCD75D21E13CAC1008DA5DD /* MMAppCoordinator.m */,
			);
			path = MMAppCoordinator;
			sourceTree = "<group>";
		};
		CDCD75D41E13CD61008DA5DD /* Categories */ = {
			isa = PBXGroup;
			children = (
				CD1E8E111E1535B10080380C /* NSDictionary */,
				CDCD75EC1E13E7C9008DA5DD /* UIStoryboard */,
				CDCD75D51E13CD61008DA5DD /* UIWindow */,
			);
			path = Categories;
			sourceTree = "<group>";
		};
		CDCD75D51E13CD61008DA5DD /* UIWindow */ = {
			isa = PBXGroup;
			children = (
				CDCD75D61E13CD84008DA5DD /* UIWindow+KSExtensions.h */,
				CDCD75D71E13CD84008DA5DD /* UIWindow+KSExtensions.m */,
			);
			path = UIWindow;
			sourceTree = "<group>";
		};
		CDCD75DA1E13E204008DA5DD /* MMMyListViewController */ = {
			isa = PBXGroup;
			children = (
			);
			path = MMMyListViewController;
			sourceTree = "<group>";
		};
		CDCD75DB1E13E204008DA5DD /* MMNewsViewController */ = {
			isa = PBXGroup;
			children = (
			);
			path = MMNewsViewController;
			sourceTree = "<group>";
		};
		CDCD75DC1E13E204008DA5DD /* MMSearchViewController */ = {
			isa = PBXGroup;
			children = (
			);
			path = MMSearchViewController;
			sourceTree = "<group>";
		};
		CDCD75DD1E13E204008DA5DD /* MMSettingsViewController */ = {
			isa = PBXGroup;
			children = (
			);
			path = MMSettingsViewController;
			sourceTree = "<group>";
		};
		CDCD75E31E13E4F5008DA5DD /* MMMainViewController */ = {
			isa = PBXGroup;
			children = (
				CDCD75E91E13E67D008DA5DD /* Views */,
				CDCD75E41E13E511008DA5DD /* MMMainViewController.h */,
				CDCD75E51E13E511008DA5DD /* MMMainViewController.m */,
				CDCD75E71E13E51D008DA5DD /* MMMainViewController.storyboard */,
			);
			path = MMMainViewController;
			sourceTree = "<group>";
		};
		CDCD75E91E13E67D008DA5DD /* Views */ = {
			isa = PBXGroup;
			children = (
				CDCD75EA1E13E67D008DA5DD /* MMBottomButtonView */,
				CDCD75EB1E13E67D008DA5DD /* MMMainView */,
			);
			path = Views;
			sourceTree = "<group>";
		};
		CDCD75EA1E13E67D008DA5DD /* MMBottomButtonView */ = {
			isa = PBXGroup;
			children = (
			);
			path = MMBottomButtonView;
			sourceTree = "<group>";
		};
		CDCD75EB1E13E67D008DA5DD /* MMMainView */ = {
			isa = PBXGroup;
			children = (
				CDDF9DE91E1D259600706DE1 /* MMMainView.h */,
				CDDF9DEA1E1D259600706DE1 /* MMMainView.m */,
			);
			path = MMMainView;
			sourceTree = "<group>";
		};
		CDCD75EC1E13E7C9008DA5DD /* UIStoryboard */ = {
			isa = PBXGroup;
			children = (
				CDCD75ED1E13E7F4008DA5DD /* UIStoryboard+KSExtensions.h */,
				CDCD75EE1E13E7F4008DA5DD /* UIStoryboard+KSExtensions.m */,
			);
			path = UIStoryboard;
			sourceTree = "<group>";
		};
		CDCD75F01E13EC07008DA5DD /* MMDiscoverViewController */ = {
			isa = PBXGroup;
			children = (
				CDDF9DDE1E1D0DA200706DE1 /* Views */,
				CDCD75F11E13EC07008DA5DD /* MMDiscoverViewController.h */,
				CDCD75F21E13EC07008DA5DD /* MMDiscoverViewController.m */,
				CDCD75F31E13EC07008DA5DD /* MMDiscoverViewController.storyboard */,
			);
			path = MMDiscoverViewController;
			sourceTree = "<group>";
		};
		CDCD75F61E13ED53008DA5DD /* MMDiscoverCoordinator */ = {
			isa = PBXGroup;
			children = (
				CDCD75F71E13ED70008DA5DD /* MMDiscoverCoordinator.h */,
				CDCD75F81E13ED70008DA5DD /* MMDiscoverCoordinator.m */,
			);
			path = MMDiscoverCoordinator;
			sourceTree = "<group>";
		};
		CDDF9DDE1E1D0DA200706DE1 /* Views */ = {
			isa = PBXGroup;
			children = (
				CDDF9DDF1E1D0DA200706DE1 /* MMDiscoverTableViewCell */,
				CDDF9DE01E1D0DA200706DE1 /* MMDiscoverView */,
			);
			path = Views;
			sourceTree = "<group>";
		};
		CDDF9DDF1E1D0DA200706DE1 /* MMDiscoverTableViewCell */ = {
			isa = PBXGroup;
			children = (
				CDDF9DE41E1D0DD700706DE1 /* MMDiscoverTableViewCell.h */,
				CDDF9DE51E1D0DD700706DE1 /* MMDiscoverTableViewCell.m */,
				CDDF9DE61E1D0DD700706DE1 /* MMDiscoverTableViewCell.xib */,
			);
			path = MMDiscoverTableViewCell;
			sourceTree = "<group>";
		};
		CDDF9DE01E1D0DA200706DE1 /* MMDiscoverView */ = {
			isa = PBXGroup;
			children = (
				CDDF9DE11E1D0DB800706DE1 /* MMDiscoverView.h */,
				CDDF9DE21E1D0DB800706DE1 /* MMDiscoverView.m */,
			);
			path = MMDiscoverView;
			sourceTree = "<group>";
		};
		CDFC37841E126F6400F6E425 = {
			isa = PBXGroup;
			children = (
				CDFC378F1E126F6400F6E425 /* MyMovies */,
				CDFC378E1E126F6400F6E425 /* Products */,
				203F1153FE97AC19C3FDA6E6 /* Pods */,
				6A6F43B1DE2C4F9C54066C00 /* Frameworks */,
			);
			sourceTree = "<group>";
		};
		CDFC378E1E126F6400F6E425 /* Products */ = {
			isa = PBXGroup;
			children = (
				CDFC378D1E126F6400F6E425 /* MyMovies.app */,
			);
			name = Products;
			sourceTree = "<group>";
		};
		CDFC378F1E126F6400F6E425 /* MyMovies */ = {
			isa = PBXGroup;
			children = (
				CDCD75B91E13C742008DA5DD /* AppDelegate */,
				CDCD75BC1E13C742008DA5DD /* Resources */,
				CDCD75C21E13C742008DA5DD /* Source */,
				CDCD75C61E13C742008DA5DD /* Supporting Files */,
				CDFC37961E126F6400F6E425 /* ViewController.h */,
				CDFC37971E126F6400F6E425 /* ViewController.m */,
			);
			path = MyMovies;
			sourceTree = "<group>";
		};
/* End PBXGroup section */

/* Begin PBXNativeTarget section */
		CDFC378C1E126F6400F6E425 /* MyMovies */ = {
			isa = PBXNativeTarget;
			buildConfigurationList = CDFC37A41E126F6400F6E425 /* Build configuration list for PBXNativeTarget "MyMovies" */;
			buildPhases = (
				424015B1B6C96AF846FC657C /* [CP] Check Pods Manifest.lock */,
				CDFC378A1E126F6400F6E425 /* Frameworks */,
				CDFC37891E126F6400F6E425 /* Sources */,
				CDFC378B1E126F6400F6E425 /* Resources */,
				85E488C39B27F16AC8FF5B37 /* [CP] Embed Pods Frameworks */,
				D75DA7B97993B084733C5CCF /* [CP] Copy Pods Resources */,
			);
			buildRules = (
			);
			dependencies = (
			);
			name = MyMovies;
			productName = MyMovies;
			productReference = CDFC378D1E126F6400F6E425 /* MyMovies.app */;
			productType = "com.apple.product-type.application";
		};
/* End PBXNativeTarget section */

/* Begin PBXProject section */
		CDFC37851E126F6400F6E425 /* Project object */ = {
			isa = PBXProject;
			attributes = {
				LastUpgradeCheck = 0810;
				ORGANIZATIONNAME = "Serhii Kostiuk";
				TargetAttributes = {
					CDFC378C1E126F6400F6E425 = {
						CreatedOnToolsVersion = 8.1;
						DevelopmentTeam = K33J7AD8C7;
						ProvisioningStyle = Automatic;
					};
				};
			};
			buildConfigurationList = CDFC37881E126F6400F6E425 /* Build configuration list for PBXProject "MyMovies" */;
			compatibilityVersion = "Xcode 3.2";
			developmentRegion = English;
			hasScannedForEncodings = 0;
			knownRegions = (
				en,
				Base,
			);
			mainGroup = CDFC37841E126F6400F6E425;
			productRefGroup = CDFC378E1E126F6400F6E425 /* Products */;
			projectDirPath = "";
			projectRoot = "";
			targets = (
				CDFC378C1E126F6400F6E425 /* MyMovies */,
			);
		};
/* End PBXProject section */

/* Begin PBXResourcesBuildPhase section */
		CDFC378B1E126F6400F6E425 /* Resources */ = {
			isa = PBXResourcesBuildPhase;
			buildActionMask = 2147483647;
			files = (
				CDFDF1A71E166C1800BC2DA2 /* Info.plist in Resources */,
				CDCD75F51E13EC07008DA5DD /* MMDiscoverViewController.storyboard in Resources */,
				CD1E8E1F1E1557140080380C /* MMSourceConfig.plist in Resources */,
				CDCD75E81E13E51D008DA5DD /* MMMainViewController.storyboard in Resources */,
				CDCD75CA1E13C742008DA5DD /* Assets.xcassets in Resources */,
				CDCD75CB1E13C742008DA5DD /* LaunchScreen.storyboard in Resources */,
				CDDF9DE81E1D0DD700706DE1 /* MMDiscoverTableViewCell.xib in Resources */,
			);
			runOnlyForDeploymentPostprocessing = 0;
		};
/* End PBXResourcesBuildPhase section */

/* Begin PBXShellScriptBuildPhase section */
		424015B1B6C96AF846FC657C /* [CP] Check Pods Manifest.lock */ = {
			isa = PBXShellScriptBuildPhase;
			buildActionMask = 2147483647;
			files = (
			);
			inputPaths = (
			);
			name = "[CP] Check Pods Manifest.lock";
			outputPaths = (
			);
			runOnlyForDeploymentPostprocessing = 0;
			shellPath = /bin/sh;
			shellScript = "diff \"${PODS_ROOT}/../Podfile.lock\" \"${PODS_ROOT}/Manifest.lock\" > /dev/null\nif [[ $? != 0 ]] ; then\n    cat << EOM\nerror: The sandbox is not in sync with the Podfile.lock. Run 'pod install' or update your CocoaPods installation.\nEOM\n    exit 1\nfi\n";
			showEnvVarsInLog = 0;
		};
		85E488C39B27F16AC8FF5B37 /* [CP] Embed Pods Frameworks */ = {
			isa = PBXShellScriptBuildPhase;
			buildActionMask = 2147483647;
			files = (
			);
			inputPaths = (
			);
			name = "[CP] Embed Pods Frameworks";
			outputPaths = (
			);
			runOnlyForDeploymentPostprocessing = 0;
			shellPath = /bin/sh;
			shellScript = "\"${SRCROOT}/Pods/Target Support Files/Pods-MyMovies/Pods-MyMovies-frameworks.sh\"\n";
			showEnvVarsInLog = 0;
		};
		D75DA7B97993B084733C5CCF /* [CP] Copy Pods Resources */ = {
			isa = PBXShellScriptBuildPhase;
			buildActionMask = 2147483647;
			files = (
			);
			inputPaths = (
			);
			name = "[CP] Copy Pods Resources";
			outputPaths = (
			);
			runOnlyForDeploymentPostprocessing = 0;
			shellPath = /bin/sh;
			shellScript = "\"${SRCROOT}/Pods/Target Support Files/Pods-MyMovies/Pods-MyMovies-resources.sh\"\n";
			showEnvVarsInLog = 0;
		};
/* End PBXShellScriptBuildPhase section */

/* Begin PBXSourcesBuildPhase section */
		CDFC37891E126F6400F6E425 /* Sources */ = {
			isa = PBXSourcesBuildPhase;
			buildActionMask = 2147483647;
			files = (
				CDDF9DE71E1D0DD700706DE1 /* MMDiscoverTableViewCell.m in Sources */,
				CD1E8E101E1516EC0080380C /* MMMovieModel.m in Sources */,
				CD1E8E141E1535CC0080380C /* NSDictionary+KSExtensions.m in Sources */,
				CDCD75CE1E13C742008DA5DD /* main.m in Sources */,
				CDCD75D81E13CD84008DA5DD /* UIWindow+KSExtensions.m in Sources */,
				CD4FED4A1E155CA8009816F8 /* MMSessionConfig.m in Sources */,
				CDCD75C91E13C742008DA5DD /* AppDelegate.m in Sources */,
				CDDF9DE31E1D0DB800706DE1 /* MMDiscoverView.m in Sources */,
				CDDF9DEB1E1D259600706DE1 /* MMMainView.m in Sources */,
				CDFC37981E126F6400F6E425 /* ViewController.m in Sources */,
				CD1E8E191E1550080080380C /* MMDownloadContentSession.m in Sources */,
				CDCD75F41E13EC07008DA5DD /* MMDiscoverViewController.m in Sources */,
				CDCD75EF1E13E7F4008DA5DD /* UIStoryboard+KSExtensions.m in Sources */,
				CD1E8E1D1E1553340080380C /* MMDiscoverContentDownloadSession.m in Sources */,
				CDCD75D31E13CAC1008DA5DD /* MMAppCoordinator.m in Sources */,
				CDCD75F91E13ED70008DA5DD /* MMDiscoverCoordinator.m in Sources */,
				CDCD75E61E13E511008DA5DD /* MMMainViewController.m in Sources */,
			);
			runOnlyForDeploymentPostprocessing = 0;
		};
/* End PBXSourcesBuildPhase section */

/* Begin PBXVariantGroup section */
		CDCD75BE1E13C742008DA5DD /* LaunchScreen.storyboard */ = {
			isa = PBXVariantGroup;
			children = (
				CDCD75BF1E13C742008DA5DD /* Base */,
			);
			name = LaunchScreen.storyboard;
			sourceTree = "<group>";
		};
/* End PBXVariantGroup section */

/* Begin XCBuildConfiguration section */
		CDFC37A21E126F6400F6E425 /* Debug */ = {
			isa = XCBuildConfiguration;
			buildSettings = {
				ALWAYS_SEARCH_USER_PATHS = NO;
				CLANG_ANALYZER_NONNULL = YES;
				CLANG_CXX_LANGUAGE_STANDARD = "gnu++0x";
				CLANG_CXX_LIBRARY = "libc++";
				CLANG_ENABLE_MODULES = YES;
				CLANG_ENABLE_OBJC_ARC = YES;
				CLANG_WARN_BOOL_CONVERSION = YES;
				CLANG_WARN_CONSTANT_CONVERSION = YES;
				CLANG_WARN_DIRECT_OBJC_ISA_USAGE = YES_ERROR;
				CLANG_WARN_DOCUMENTATION_COMMENTS = YES;
				CLANG_WARN_EMPTY_BODY = YES;
				CLANG_WARN_ENUM_CONVERSION = YES;
				CLANG_WARN_INFINITE_RECURSION = YES;
				CLANG_WARN_INT_CONVERSION = YES;
				CLANG_WARN_OBJC_ROOT_CLASS = YES_ERROR;
				CLANG_WARN_SUSPICIOUS_MOVES = YES;
				CLANG_WARN_UNREACHABLE_CODE = YES;
				CLANG_WARN__DUPLICATE_METHOD_MATCH = YES;
				"CODE_SIGN_IDENTITY[sdk=iphoneos*]" = "iPhone Developer";
				COPY_PHASE_STRIP = NO;
				DEBUG_INFORMATION_FORMAT = dwarf;
				ENABLE_STRICT_OBJC_MSGSEND = YES;
				ENABLE_TESTABILITY = YES;
				GCC_C_LANGUAGE_STANDARD = gnu99;
				GCC_DYNAMIC_NO_PIC = NO;
				GCC_NO_COMMON_BLOCKS = YES;
				GCC_OPTIMIZATION_LEVEL = 0;
				GCC_PREPROCESSOR_DEFINITIONS = (
					"DEBUG=1",
					"$(inherited)",
				);
				GCC_WARN_64_TO_32_BIT_CONVERSION = YES;
				GCC_WARN_ABOUT_RETURN_TYPE = YES_ERROR;
				GCC_WARN_UNDECLARED_SELECTOR = YES;
				GCC_WARN_UNINITIALIZED_AUTOS = YES_AGGRESSIVE;
				GCC_WARN_UNUSED_FUNCTION = YES;
				GCC_WARN_UNUSED_VARIABLE = YES;
				IPHONEOS_DEPLOYMENT_TARGET = 10.1;
				MTL_ENABLE_DEBUG_INFO = YES;
				ONLY_ACTIVE_ARCH = YES;
				SDKROOT = iphoneos;
			};
			name = Debug;
		};
		CDFC37A31E126F6400F6E425 /* Release */ = {
			isa = XCBuildConfiguration;
			buildSettings = {
				ALWAYS_SEARCH_USER_PATHS = NO;
				CLANG_ANALYZER_NONNULL = YES;
				CLANG_CXX_LANGUAGE_STANDARD = "gnu++0x";
				CLANG_CXX_LIBRARY = "libc++";
				CLANG_ENABLE_MODULES = YES;
				CLANG_ENABLE_OBJC_ARC = YES;
				CLANG_WARN_BOOL_CONVERSION = YES;
				CLANG_WARN_CONSTANT_CONVERSION = YES;
				CLANG_WARN_DIRECT_OBJC_ISA_USAGE = YES_ERROR;
				CLANG_WARN_DOCUMENTATION_COMMENTS = YES;
				CLANG_WARN_EMPTY_BODY = YES;
				CLANG_WARN_ENUM_CONVERSION = YES;
				CLANG_WARN_INFINITE_RECURSION = YES;
				CLANG_WARN_INT_CONVERSION = YES;
				CLANG_WARN_OBJC_ROOT_CLASS = YES_ERROR;
				CLANG_WARN_SUSPICIOUS_MOVES = YES;
				CLANG_WARN_UNREACHABLE_CODE = YES;
				CLANG_WARN__DUPLICATE_METHOD_MATCH = YES;
				"CODE_SIGN_IDENTITY[sdk=iphoneos*]" = "iPhone Developer";
				COPY_PHASE_STRIP = NO;
				DEBUG_INFORMATION_FORMAT = "dwarf-with-dsym";
				ENABLE_NS_ASSERTIONS = NO;
				ENABLE_STRICT_OBJC_MSGSEND = YES;
				GCC_C_LANGUAGE_STANDARD = gnu99;
				GCC_NO_COMMON_BLOCKS = YES;
				GCC_WARN_64_TO_32_BIT_CONVERSION = YES;
				GCC_WARN_ABOUT_RETURN_TYPE = YES_ERROR;
				GCC_WARN_UNDECLARED_SELECTOR = YES;
				GCC_WARN_UNINITIALIZED_AUTOS = YES_AGGRESSIVE;
				GCC_WARN_UNUSED_FUNCTION = YES;
				GCC_WARN_UNUSED_VARIABLE = YES;
				IPHONEOS_DEPLOYMENT_TARGET = 10.1;
				MTL_ENABLE_DEBUG_INFO = NO;
				SDKROOT = iphoneos;
				VALIDATE_PRODUCT = YES;
			};
			name = Release;
		};
		CDFC37A51E126F6400F6E425 /* Debug */ = {
			isa = XCBuildConfiguration;
			baseConfigurationReference = FF0731AEBEA5CC77A22AB546 /* Pods-MyMovies.debug.xcconfig */;
			buildSettings = {
				ASSETCATALOG_COMPILER_APPICON_NAME = AppIcon;
				DEVELOPMENT_TEAM = K33J7AD8C7;
				INFOPLIST_FILE = "MyMovies/Supporting Files/Info.plist";
				LD_RUNPATH_SEARCH_PATHS = "$(inherited) @executable_path/Frameworks";
				PRODUCT_BUNDLE_IDENTIFIER = com.idapgroup.MyMovies;
				PRODUCT_NAME = "$(TARGET_NAME)";
			};
			name = Debug;
		};
		CDFC37A61E126F6400F6E425 /* Release */ = {
			isa = XCBuildConfiguration;
			baseConfigurationReference = 3DD538DF4D7A3C92B6B47D91 /* Pods-MyMovies.release.xcconfig */;
			buildSettings = {
				ASSETCATALOG_COMPILER_APPICON_NAME = AppIcon;
				DEVELOPMENT_TEAM = K33J7AD8C7;
				INFOPLIST_FILE = "MyMovies/Supporting Files/Info.plist";
				LD_RUNPATH_SEARCH_PATHS = "$(inherited) @executable_path/Frameworks";
				PRODUCT_BUNDLE_IDENTIFIER = com.idapgroup.MyMovies;
				PRODUCT_NAME = "$(TARGET_NAME)";
			};
			name = Release;
		};
/* End XCBuildConfiguration section */

/* Begin XCConfigurationList section */
		CDFC37881E126F6400F6E425 /* Build configuration list for PBXProject "MyMovies" */ = {
			isa = XCConfigurationList;
			buildConfigurations = (
				CDFC37A21E126F6400F6E425 /* Debug */,
				CDFC37A31E126F6400F6E425 /* Release */,
			);
			defaultConfigurationIsVisible = 0;
			defaultConfigurationName = Release;
		};
		CDFC37A41E126F6400F6E425 /* Build configuration list for PBXNativeTarget "MyMovies" */ = {
			isa = XCConfigurationList;
			buildConfigurations = (
				CDFC37A51E126F6400F6E425 /* Debug */,
				CDFC37A61E126F6400F6E425 /* Release */,
			);
			defaultConfigurationIsVisible = 0;
			defaultConfigurationName = Release;
		};
/* End XCConfigurationList section */
	};
	rootObject = CDFC37851E126F6400F6E425 /* Project object */;
}
